// !$*UTF8*$!
{
	archiveVersion = 1;
	classes = {
	};
	objectVersion = 46;
	objects = {

/* Begin PBXBuildFile section */
		670A9ED51DB7AEC800822E17 /* AppDelegate.swift in Sources */ = {isa = PBXBuildFile; fileRef = 670A9ED41DB7AEC800822E17 /* AppDelegate.swift */; };
		670A9ED71DB7AEC800822E17 /* ViewController.swift in Sources */ = {isa = PBXBuildFile; fileRef = 670A9ED61DB7AEC800822E17 /* ViewController.swift */; };
		670A9EDA1DB7AEC800822E17 /* Main.storyboard in Resources */ = {isa = PBXBuildFile; fileRef = 670A9ED81DB7AEC800822E17 /* Main.storyboard */; };
		670A9EDC1DB7AEC800822E17 /* Assets.xcassets in Resources */ = {isa = PBXBuildFile; fileRef = 670A9EDB1DB7AEC800822E17 /* Assets.xcassets */; };
		670A9EDF1DB7AEC800822E17 /* LaunchScreen.storyboard in Resources */ = {isa = PBXBuildFile; fileRef = 670A9EDD1DB7AEC800822E17 /* LaunchScreen.storyboard */; };
/* End PBXBuildFile section */

/* Begin PBXFileReference section */
		670A9ED11DB7AEC800822E17 /* Layout.app */ = {isa = PBXFileReference; explicitFileType = wrapper.application; includeInIndex = 0; path = Layout.app; sourceTree = BUILT_PRODUCTS_DIR; };
		670A9ED41DB7AEC800822E17 /* AppDelegate.swift */ = {isa = PBXFileReference; lastKnownFileType = sourcecode.swift; path = AppDelegate.swift; sourceTree = "<group>"; };
		670A9ED61DB7AEC800822E17 /* ViewController.swift */ = {isa = PBXFileReference; lastKnownFileType = sourcecode.swift; path = ViewController.swift; sourceTree = "<group>"; };
		670A9ED91DB7AEC800822E17 /* Base */ = {isa = PBXFileReference; lastKnownFileType = file.storyboard; name = Base; path = Base.lproj/Main.storyboard; sourceTree = "<group>"; };
		670A9EDB1DB7AEC800822E17 /* Assets.xcassets */ = {isa = PBXFileReference; lastKnownFileType = folder.assetcatalog; path = Assets.xcassets; sourceTree = "<group>"; };
		670A9EDE1DB7AEC800822E17 /* Base */ = {isa = PBXFileReference; lastKnownFileType = file.storyboard; name = Base; path = Base.lproj/LaunchScreen.storyboard; sourceTree = "<group>"; };
		670A9EE01DB7AEC800822E17 /* Info.plist */ = {isa = PBXFileReference; lastKnownFileType = text.plist.xml; path = Info.plist; sourceTree = "<group>"; };
/* End PBXFileReference section */

/* Begin PBXFrameworksBuildPhase section */
		670A9ECE1DB7AEC800822E17 /* Frameworks */ = {
			isa = PBXFrameworksBuildPhase;
			buildActionMask = 2147483647;
			files = (
			);
			runOnlyForDeploymentPostprocessing = 0;
		};
/* End PBXFrameworksBuildPhase section */

/* Begin PBXGroup section */
		670A9EC81DB7AEC800822E17 = {
			isa = PBXGroup;
			children = (
				670A9ED31DB7AEC800822E17 /* Layout */,
				670A9ED21DB7AEC800822E17 /* Products */,
			);
			sourceTree = "<group>";
		};
		670A9ED21DB7AEC800822E17 /* Products */ = {
			isa = PBXGroup;
			children = (
				670A9ED11DB7AEC800822E17 /* Layout.app */,
			);
			name = Products;
			sourceTree = "<group>";
		};
		670A9ED31DB7AEC800822E17 /* Layout */ = {
			isa = PBXGroup;
			children = (
				670A9ED41DB7AEC800822E17 /* AppDelegate.swift */,
				670A9ED61DB7AEC800822E17 /* ViewController.swift */,
				670A9ED81DB7AEC800822E17 /* Main.storyboard */,
				670A9EDB1DB7AEC800822E17 /* Assets.xcassets */,
				670A9EDD1DB7AEC800822E17 /* LaunchScreen.storyboard */,
				670A9EE01DB7AEC800822E17 /* Info.plist */,
			);
			path = Layout;
			sourceTree = "<group>";
		};
/* End PBXGroup section */

/* Begin PBXNativeTarget section */
		670A9ED01DB7AEC800822E17 /* Layout */ = {
			isa = PBXNativeTarget;
			buildConfigurationList = 670A9EE31DB7AEC800822E17 /* Build configuration list for PBXNativeTarget "Layout" */;
			buildPhases = (
				670A9ECD1DB7AEC800822E17 /* Sources */,
				670A9ECE1DB7AEC800822E17 /* Frameworks */,
				670A9ECF1DB7AEC800822E17 /* Resources */,
			);
			buildRules = (
			);
			dependencies = (
			);
			name = Layout;
			productName = Layout;
			productReference = 670A9ED11DB7AEC800822E17 /* Layout.app */;
			productType = "com.apple.product-type.application";
		};
/* End PBXNativeTarget section */

/* Begin PBXProject section */
		670A9EC91DB7AEC800822E17 /* Project object */ = {
			isa = PBXProject;
			attributes = {
				LastSwiftUpdateCheck = 0720;
				LastUpgradeCheck = 0720;
				ORGANIZATIONNAME = Ctec;
				TargetAttributes = {
					670A9ED01DB7AEC800822E17 = {
						CreatedOnToolsVersion = 7.2;
					};
				};
			};
			buildConfigurationList = 670A9ECC1DB7AEC800822E17 /* Build configuration list for PBXProject "Layout" */;
			compatibilityVersion = "Xcode 3.2";
			developmentRegion = English;
			hasScannedForEncodings = 0;
			knownRegions = (
				en,
				Base,
			);
			mainGroup = 670A9EC81DB7AEC800822E17;
			productRefGroup = 670A9ED21DB7AEC800822E17 /* Products */;
			projectDirPath = "";
			projectRoot = "";
			targets = (
				670A9ED01DB7AEC800822E17 /* Layout */,
			);
		};
/* End PBXProject section */

/* Begin PBXResourcesBuildPhase section */
		670A9ECF1DB7AEC800822E17 /* Resources */ = {
			isa = PBXResourcesBuildPhase;
			buildActionMask = 2147483647;
			files = (
				670A9EDF1DB7AEC800822E17 /* LaunchScreen.storyboard in Resources */,
				670A9EDC1DB7AEC800822E17 /* Assets.xcassets in Resources */,
				670A9EDA1DB7AEC800822E17 /* Main.storyboard in Resources */,
			);
			runOnlyForDeploymentPostprocessing = 0;
		};
/* End PBXResourcesBuildPhase section */

/* Begin PBXSourcesBuildPhase section */
		670A9ECD1DB7AEC800822E17 /* Sources */ = {
			isa = PBXSourcesBuildPhase;
			buildActionMask = 2147483647;
			files = (
				670A9ED71DB7AEC800822E17 /* ViewController.swift in Sources */,
				670A9ED51DB7AEC800822E17 /* AppDelegate.swift in Sources */,
			);
			runOnlyForDeploymentPostprocessing = 0;
		};
/* End PBXSourcesBuildPhase section */

/* Begin PBXVariantGroup section */
		670A9ED81DB7AEC800822E17 /* Main.storyboard */ = {
			isa = PBXVariantGroup;
			children = (
				670A9ED91DB7AEC800822E17 /* Base */,
			);
			name = Main.storyboard;
			sourceTree = "<group>";
		};
		670A9EDD1DB7AEC800822E17 /* LaunchScreen.storyboard */ = {
			isa = PBXVariantGroup;
			children = (
				670A9EDE1DB7AEC800822E17 /* Base */,
			);
			name = LaunchScreen.storyboard;
			sourceTree = "<group>";
		};
/* End PBXVariantGroup section */

/* Begin XCBuildConfiguration section */
		670A9EE11DB7AEC800822E17 /* Debug */ = {
			isa = XCBuildConfiguration;
			buildSettings = {
				ALWAYS_SEARCH_USER_PATHS = NO;
				CLANG_CXX_LANGUAGE_STANDARD = "gnu++0x";
				CLANG_CXX_LIBRARY = "libc++";
				CLANG_ENABLE_MODULES = YES;
				CLANG_ENABLE_OBJC_ARC = YES;
				CLANG_WARN_BOOL_CONVERSION = YES;
				CLANG_WARN_CONSTANT_CONVERSION = YES;
				CLANG_WARN_DIRECT_OBJC_ISA_USAGE = YES_ERROR;
				CLANG_WARN_EMPTY_BODY = YES;
				CLANG_WARN_ENUM_CONVERSION = YES;
				CLANG_WARN_INT_CONVERSION = YES;
				CLANG_WARN_OBJC_ROOT_CLASS = YES_ERROR;
				CLANG_WARN_UNREACHABLE_CODE = YES;
				CLANG_WARN__DUPLICATE_METHOD_MATCH = YES;
				"CODE_SIGN_IDENTITY[sdk=iphoneos*]" = "iPhone Developer";
				COPY_PHASE_STRIP = NO;
				DEBUG_INFORMATION_FORMAT = dwarf;
				ENABLE_STRICT_OBJC_MSGSEND = YES;
				ENABLE_TESTABILITY = YES;
				GCC_C_LANGUAGE_STANDARD = gnu99;
				GCC_DYNAMIC_NO_PIC = NO;
				GCC_NO_COMMON_BLOCKS = YES;
				GCC_OPTIMIZATION_LEVEL = 0;
				GCC_PREPROCESSOR_DEFINITIONS = (
					"DEBUG=1",
					"$(inherited)",
				);
				GCC_WARN_64_TO_32_BIT_CONVERSION = YES;
				GCC_WARN_ABOUT_RETURN_TYPE = YES_ERROR;
				GCC_WARN_UNDECLARED_SELECTOR = YES;
				GCC_WARN_UNINITIALIZED_AUTOS = YES_AGGRESSIVE;
				GCC_WARN_UNUSED_FUNCTION = YES;
				GCC_WARN_UNUSED_VARIABLE = YES;
				IPHONEOS_DEPLOYMENT_TARGET = 9.2;
				MTL_ENABLE_DEBUG_INFO = YES;
				ONLY_ACTIVE_ARCH = YES;
				SDKROOT = iphoneos;
				SWIFT_OPTIMIZATION_LEVEL = "-Onone";
				TARGETED_DEVICE_FAMILY = "1,2";
			};
			name = Debug;
		};
		670A9EE21DB7AEC800822E17 /* Release */ = {
			isa = XCBuildConfiguration;
			buildSettings = {
				ALWAYS_SEARCH_USER_PATHS = NO;
				CLANG_CXX_LANGUAGE_STANDARD = "gnu++0x";
				CLANG_CXX_LIBRARY = "libc++";
				CLANG_ENABLE_MODULES = YES;
				CLANG_ENABLE_OBJC_ARC = YES;
				CLANG_WARN_BOOL_CONVERSION = YES;
				CLANG_WARN_CONSTANT_CONVERSION = YES;
				CLANG_WARN_DIRECT_OBJC_ISA_USAGE = YES_ERROR;
				CLANG_WARN_EMPTY_BODY = YES;
				CLANG_WARN_ENUM_CONVERSION = YES;
				CLANG_WARN_INT_CONVERSION = YES;
				CLANG_WARN_OBJC_ROOT_CLASS = YES_ERROR;
				CLANG_WARN_UNREACHABLE_CODE = YES;
				CLANG_WARN__DUPLICATE_METHOD_MATCH = YES;
				"CODE_SIGN_IDENTITY[sdk=iphoneos*]" = "iPhone Developer";
				COPY_PHASE_STRIP = NO;
				DEBUG_INFORMATION_FORMAT = "dwarf-with-dsym";
				ENABLE_NS_ASSERTIONS = NO;
				ENABLE_STRICT_OBJC_MSGSEND = YES;
				GCC_C_LANGUAGE_STANDARD = gnu99;
				GCC_NO_COMMON_BLOCKS = YES;
				GCC_WARN_64_TO_32_BIT_CONVERSION = YES;
				GCC_WARN_ABOUT_RETURN_TYPE = YES_ERROR;
				GCC_WARN_UNDECLARED_SELECTOR = YES;
				GCC_WARN_UNINITIALIZED_AUTOS = YES_AGGRESSIVE;
				GCC_WARN_UNUSED_FUNCTION = YES;
				GCC_WARN_UNUSED_VARIABLE = YES;
				IPHONEOS_DEPLOYMENT_TARGET = 9.2;
				MTL_ENABLE_DEBUG_INFO = NO;
				SDKROOT = iphoneos;
				TARGETED_DEVICE_FAMILY = "1,2";
				VALIDATE_PRODUCT = YES;
			};
			name = Release;
		};
		670A9EE41DB7AEC800822E17 /* Debug */ = {
			isa = XCBuildConfiguration;
			buildSettings = {
				ASSETCATALOG_COMPILER_APPICON_NAME = AppIcon;
				INFOPLIST_FILE = Layout/Info.plist;
				LD_RUNPATH_SEARCH_PATHS = "$(inherited) @executable_path/Frameworks";
				PRODUCT_BUNDLE_IDENTIFIER = Ctec.Layout;
				PRODUCT_NAME = "$(TARGET_NAME)";
			};
			name = Debug;
		};
		670A9EE51DB7AEC800822E17 /* Release */ = {
			isa = XCBuildConfiguration;
			buildSettings = {
				ASSETCATALOG_COMPILER_APPICON_NAME = AppIcon;
				INFOPLIST_FILE = Layout/Info.plist;
				LD_RUNPATH_SEARCH_PATHS = "$(inherited) @executable_path/Frameworks";
				PRODUCT_BUNDLE_IDENTIFIER = Ctec.Layout;
				PRODUCT_NAME = "$(TARGET_NAME)";
			};
			name = Release;
		};
/* End XCBuildConfiguration section */

/* Begin XCConfigurationList section */
		670A9ECC1DB7AEC800822E17 /* Build configuration list for PBXProject "Layout" */ = {
			isa = XCConfigurationList;
			buildConfigurations = (
				670A9EE11DB7AEC800822E17 /* Debug */,
				670A9EE21DB7AEC800822E17 /* Release */,
			);
			defaultConfigurationIsVisible = 0;
			defaultConfigurationName = Release;
		};
		670A9EE31DB7AEC800822E17 /* Build configuration list for PBXNativeTarget "Layout" */ = {
			isa = XCConfigurationList;
			buildConfigurations = (
				670A9EE41DB7AEC800822E17 /* Debug */,
				670A9EE51DB7AEC800822E17 /* Release */,
			);
			defaultConfigurationIsVisible = 0;
		};
/* End XCConfigurationList section */
	};
	rootObject = 670A9EC91DB7AEC800822E17 /* Project object */;
}
